
Microsoft Visual Studio Solution File, Format Version 12.00
# Visual Studio 2013
VisualStudioVersion = 12.0.0.0
MinimumVisualStudioVersion = 10.0.0.1
Project("{8BB2217D-0F2D-49D1-97BC-3654ED321F3B}") = "ConsoleApp", "ConsoleApp/ConsoleApp.xproj", "{03172CF6-7C80-4F59-AA70-B91054127ECE}"
EndProject
Global
	GlobalSection(SolutionConfigurationPlatforms) = preSolution
		Debug|Any CPU = Debug|Any CPU
		Release|Any CPU = Release|Any CPU
	EndGlobalSection
	GlobalSection(ProjectConfigurationPlatforms) = postSolution
		{03172CF6-7C80-4F59-AA70-B91054127ECE}.Debug|Any CPU.ActiveCfg = Debug|Any CPU
		{03172CF6-7C80-4F59-AA70-B91054127ECE}.Debug|Any CPU.Build.0 = Debug|Any CPU
		{03172CF6-7C80-4F59-AA70-B91054127ECE}.Release|Any CPU.ActiveCfg = Release|Any CPU
		{03172CF6-7C80-4F59-AA70-B91054127ECE}.Release|Any CPU.Build.0 = Release|Any CPU
	EndGlobalSection
	GlobalSection(SolutionProperties) = preSolution
		HideSolutionNode = FALSE
	EndGlobalSection
EndGlobal
